<?xml version="1.0" encoding="utf-8"?>
<Project ToolsVersion="4.0" xmlns="http://schemas.microsoft.com/developer/msbuild/2003">
  <ItemGroup>
    <Filter Include="Source Files">
      <UniqueIdentifier>{4FC737F1-C7A5-4376-A066-2A32D752A2FF}</UniqueIdentifier>
      <Extensions>cpp;c;cc;cxx;c++;cppm;ixx;def;odl;idl;hpj;bat;asm;asmx</Extensions>
    </Filter>
    <Filter Include="Header Files">
      <UniqueIdentifier>{93995380-89BD-4b04-88EB-625FBE52EBFB}</UniqueIdentifier>
      <Extensions>h;hh;hpp;hxx;h++;hm;inl;inc;ipp;xsd</Extensions>
    </Filter>
    <Filter Include="Resource Files">
      <UniqueIdentifier>{67DA6AB6-F800-4c08-8B7A-83BB121AAD01}</UniqueIdentifier>
      <Extensions>rc;ico;cur;bmp;dlg;rc2;rct;bin;rgs;gif;jpg;jpeg;jpe;resx;tiff;tif;png;wav;mfcribbon-ms</Extensions>
    </Filter>
  </ItemGroup>
  <ItemGroup>
    <ClInclude Include="src\sdk\base\Address.h">
      <Filter>Header Files</Filter>
    </ClInclude>
    <ClInclude Include="src\sdk\base\Color.h">
      <Filter>Header Files</Filter>
    </ClInclude>
    <ClInclude Include="src\sdk\base\CUtlVector.h">
      <Filter>Header Files</Filter>
    </ClInclude>
    <ClInclude Include="src\sdk\base\Definitions.h">
      <Filter>Header Files</Filter>
    </ClInclude>
    <ClInclude Include="src\sdk\base\ExportFunction.h">
      <Filter>Header Files</Filter>
    </ClInclude>
    <ClInclude Include="src\sdk\base\Function.h">
      <Filter>Header Files</Filter>
    </ClInclude>
    <ClInclude Include="src\sdk\base\KeyValues.h">
      <Filter>Header Files</Filter>
    </ClInclude>
    <ClInclude Include="src\sdk\base\MemAlloc.h">
      <Filter>Header Files</Filter>
    </ClInclude>
    <ClInclude Include="src\sdk\base\Memory.h">
      <Filter>Header Files</Filter>
    </ClInclude>
    <ClInclude Include="src\sdk\base\NormalClass.h">
      <Filter>Header Files</Filter>
    </ClInclude>
    <ClInclude Include="src\sdk\base\VClass.h">
      <Filter>Header Files</Filter>
    </ClInclude>
    <ClInclude Include="src\sdk\base\Vector.h">
      <Filter>Header Files</Filter>
    </ClInclude>
    <ClInclude Include="src\sdk\base\VMT.h">
      <Filter>Header Files</Filter>
    </ClInclude>
    <ClInclude Include="src\sdk\entities\CBaseEntity.h">
      <Filter>Header Files</Filter>
    </ClInclude>
    <ClInclude Include="src\sdk\entities\CDOTABaseAbility.h">
      <Filter>Header Files</Filter>
    </ClInclude>
    <ClInclude Include="src\sdk\entities\CDOTABaseNPC.h">
      <Filter>Header Files</Filter>
    </ClInclude>
    <ClInclude Include="src\sdk\entities\CDOTABaseNPCHero.h">
      <Filter>Header Files</Filter>
    </ClInclude>
    <ClInclude Include="src\sdk\entities\CDOTAItem.h">
      <Filter>Header Files</Filter>
    </ClInclude>
    <ClInclude Include="src\sdk\entities\CDOTAModifier.h">
      <Filter>Header Files</Filter>
    </ClInclude>
    <ClInclude Include="src\sdk\entities\CDOTAModifierManager.h">
      <Filter>Header Files</Filter>
    </ClInclude>
    <ClInclude Include="src\sdk\entities\CDOTAUnitInventory.h">
      <Filter>Header Files</Filter>
    </ClInclude>
    <ClInclude Include="src\sdk\entities\CEntityIdentity.h">
      <Filter>Header Files</Filter>
    </ClInclude>
    <ClInclude Include="src\sdk\entities\CGameEntitySystem.h">
      <Filter>Header Files</Filter>
    </ClInclude>
    <ClInclude Include="src\sdk\entities\Chandle.h">
      <Filter>Header Files</Filter>
    </ClInclude>
    <ClInclude Include="src\sdk\Interfaces\CBaseFileSystem.h">
      <Filter>Header Files</Filter>
    </ClInclude>
    <ClInclude Include="src\sdk\Enums.h">
      <Filter>Header Files</Filter>
    </ClInclude>
    <ClInclude Include="src\sdk\VMI.h">
      <Filter>Header Files</Filter>
    </ClInclude>
  </ItemGroup>
  <ItemGroup>
    <ClCompile Include="src\sdk\entities\CDOTAUnitInventory.cpp">
      <Filter>Source Files</Filter>
    </ClCompile>
    <ClCompile Include="Main.cpp">
      <Filter>Source Files</Filter>
    </ClCompile>
  </ItemGroup>
</Project>